
Microsoft Visual Studio Solution File, Format Version 12.00
# Visual Studio 15
VisualStudioVersion = 15.0.27703.2026
MinimumVisualStudioVersion = 10.0.40219.1
Project("{FAE04EC0-301F-11D3-BF4B-00C04F79EFBC}") = "Project Test", "Project Test\Project Test.csproj", "{741FAE8B-8A53-4EFD-AD79-002E21742AEF}"
EndProject
Global
	GlobalSection(SolutionConfigurationPlatforms) = preSolution
		Debug|Any CPU = Debug|Any CPU
		Release|Any CPU = Release|Any CPU
	EndGlobalSection
	GlobalSection(ProjectConfigurationPlatforms) = postSolution
		{741FAE8B-8A53-4EFD-AD79-002E21742AEF}.Debug|Any CPU.ActiveCfg = Debug|Any CPU
		{741FAE8B-8A53-4EFD-AD79-002E21742AEF}.Debug|Any CPU.Build.0 = Debug|Any CPU
		{741FAE8B-8A53-4EFD-AD79-002E21742AEF}.Release|Any CPU.ActiveCfg = Release|Any CPU
		{741FAE8B-8A53-4EFD-AD79-002E21742AEF}.Release|Any CPU.Build.0 = Release|Any CPU
	EndGlobalSection
	GlobalSection(SolutionProperties) = preSolution
		HideSolutionNode = FALSE
	EndGlobalSection
	GlobalSection(ExtensibilityGlobals) = postSolution
		SolutionGuid = {F4580A8B-2128-479A-A97B-0806DB40F1F9}
	EndGlobalSection
EndGlobal
